// !$*UTF8*$!
{
	archiveVersion = 1;
	classes = {
	};
	objectVersion = 77;
	objects = {

/* Begin PBXBuildFile section */
		2F4B1DF62E63EB7A000EE005 /* THDoubleExtension.swift in Sources */ = {isa = PBXBuildFile; fileRef = 2F4B1DF52E63EB6D000EE005 /* THDoubleExtension.swift */; };
		2F7823792E695A5E00CDEF24 /* THMedicalTimelineRecord.swift in Sources */ = {isa = PBXBuildFile; fileRef = 2F7823782E695A5D00CDEF24 /* THMedicalTimelineRecord.swift */; };
		2F78237B2E695A7500CDEF24 /* THMedicalTimelineView.swift in Sources */ = {isa = PBXBuildFile; fileRef = 2F78237A2E695A7200CDEF24 /* THMedicalTimelineView.swift */; };
		2F78237F2E697EF000CDEF24 /* THMedicalRecordOCRService.swift in Sources */ = {isa = PBXBuildFile; fileRef = 2F78237E2E697EEE00CDEF24 /* THMedicalRecordOCRService.swift */; };
		2F7823822E697F8B00CDEF24 /* THImageViewer.swift in Sources */ = {isa = PBXBuildFile; fileRef = 2F7823812E697F7C00CDEF24 /* THImageViewer.swift */; };
		2FB2053D2E63148900BD4D6F /* THConfig.swift in Sources */ = {isa = PBXBuildFile; fileRef = 2FB2053C2E63147F00BD4D6F /* THConfig.swift */; };
		68426F772E5D7EB2008B17BA /* THThyroidPanelOCRService.swift in Sources */ = {isa = PBXBuildFile; fileRef = 68426F762E5D7EA4008B17BA /* THThyroidPanelOCRService.swift */; };
		68426F7B2E5D7FF5008B17BA /* THPanelOCRResultView.swift in Sources */ = {isa = PBXBuildFile; fileRef = 68426F7A2E5D7FF3008B17BA /* THPanelOCRResultView.swift */; };
		68426F7D2E5D8040008B17BA /* THPanelOCRResultsSection.swift in Sources */ = {isa = PBXBuildFile; fileRef = 68426F7C2E5D803D008B17BA /* THPanelOCRResultsSection.swift */; };
		68426F7F2E5D8063008B17BA /* THIndicatorAdjustmentRow.swift in Sources */ = {isa = PBXBuildFile; fileRef = 68426F7E2E5D8061008B17BA /* THIndicatorAdjustmentRow.swift */; };
		68426F812E5D8084008B17BA /* THPanelOCRRawTextView.swift in Sources */ = {isa = PBXBuildFile; fileRef = 68426F802E5D8081008B17BA /* THPanelOCRRawTextView.swift */; };
		68426F832E5DC552008B17BA /* THImagePicker.swift in Sources */ = {isa = PBXBuildFile; fileRef = 68426F822E5DC547008B17BA /* THImagePicker.swift */; };
		689950AE2E6850D60045F733 /* THReminderSetting.swift in Sources */ = {isa = PBXBuildFile; fileRef = 689950AD2E6850D40045F733 /* THReminderSetting.swift */; };
		689F16E12E5C9C670047ABAB /* Assets.xcassets in Resources */ = {isa = PBXBuildFile; fileRef = 689F16DA2E5C9C670047ABAB /* Assets.xcassets */; };
		689F16E62E5C9C670047ABAB /* ThyroidHelperApp.swift in Sources */ = {isa = PBXBuildFile; fileRef = 689F16DF2E5C9C670047ABAB /* ThyroidHelperApp.swift */; };
		689F16E92E5C9C890047ABAB /* THThyroidPanelRecord.swift in Sources */ = {isa = PBXBuildFile; fileRef = 689F16E82E5C9C880047ABAB /* THThyroidPanelRecord.swift */; };
		689F16EC2E5C9CF80047ABAB /* THCloudKitManager.swift in Sources */ = {isa = PBXBuildFile; fileRef = 689F16EB2E5C9CF60047ABAB /* THCloudKitManager.swift */; };
		689F16EE2E5C9D1F0047ABAB /* THAuthenticationManager.swift in Sources */ = {isa = PBXBuildFile; fileRef = 689F16ED2E5C9D1D0047ABAB /* THAuthenticationManager.swift */; };
		689F16F12E5C9D590047ABAB /* THContentView.swift in Sources */ = {isa = PBXBuildFile; fileRef = 689F16F02E5C9D570047ABAB /* THContentView.swift */; };
		689F16F32E5C9D720047ABAB /* THLoginView.swift in Sources */ = {isa = PBXBuildFile; fileRef = 689F16F22E5C9D700047ABAB /* THLoginView.swift */; };
		689F16F52E5C9D8C0047ABAB /* THMainTabView.swift in Sources */ = {isa = PBXBuildFile; fileRef = 689F16F42E5C9D8A0047ABAB /* THMainTabView.swift */; };
		689F16F72E5C9DB00047ABAB /* THHomeView.swift in Sources */ = {isa = PBXBuildFile; fileRef = 689F16F62E5C9DAE0047ABAB /* THHomeView.swift */; };
		689F16F92E5C9DCE0047ABAB /* THTrendsView.swift in Sources */ = {isa = PBXBuildFile; fileRef = 689F16F82E5C9DCC0047ABAB /* THTrendsView.swift */; };
		689F16FB2E5C9DEB0047ABAB /* THTyroidPanelView.swift in Sources */ = {isa = PBXBuildFile; fileRef = 689F16FA2E5C9DE90047ABAB /* THTyroidPanelView.swift */; };
		689F16FD2E5C9E040047ABAB /* THAddRecordView.swift in Sources */ = {isa = PBXBuildFile; fileRef = 689F16FC2E5C9E030047ABAB /* THAddRecordView.swift */; };
		689F16FF2E5C9E220047ABAB /* THProfileView.swift in Sources */ = {isa = PBXBuildFile; fileRef = 689F16FE2E5C9E1F0047ABAB /* THProfileView.swift */; };
		689F17062E5C9E7C0047ABAB /* NotificationSettingsView.swift in Sources */ = {isa = PBXBuildFile; fileRef = 689F17052E5C9E7A0047ABAB /* NotificationSettingsView.swift */; };
		689F17082E5C9E860047ABAB /* DataExportView.swift in Sources */ = {isa = PBXBuildFile; fileRef = 689F17072E5C9E850047ABAB /* DataExportView.swift */; };
		689F170A2E5C9E8E0047ABAB /* AboutView.swift in Sources */ = {isa = PBXBuildFile; fileRef = 689F17092E5C9E8C0047ABAB /* AboutView.swift */; };
		689F170C2E5C9F0F0047ABAB /* THThyroidIndicator.swift in Sources */ = {isa = PBXBuildFile; fileRef = 689F170B2E5C9F0E0047ABAB /* THThyroidIndicator.swift */; };
		689F170F2E5CA11D0047ABAB /* Charts.framework in Frameworks */ = {isa = PBXBuildFile; fileRef = 689F170E2E5CA11D0047ABAB /* Charts.framework */; };
		68ECC79B2E627A720031B882 /* THThyroidIndicator+Extensions.swift in Sources */ = {isa = PBXBuildFile; fileRef = 68ECC79A2E627A6F0031B882 /* THThyroidIndicator+Extensions.swift */; };
/* End PBXBuildFile section */

/* Begin PBXFileReference section */
		2F4B1DF52E63EB6D000EE005 /* THDoubleExtension.swift */ = {isa = PBXFileReference; lastKnownFileType = sourcecode.swift; path = THDoubleExtension.swift; sourceTree = "<group>"; };
		2F7823782E695A5D00CDEF24 /* THMedicalTimelineRecord.swift */ = {isa = PBXFileReference; lastKnownFileType = sourcecode.swift; path = THMedicalTimelineRecord.swift; sourceTree = "<group>"; };
		2F78237A2E695A7200CDEF24 /* THMedicalTimelineView.swift */ = {isa = PBXFileReference; lastKnownFileType = sourcecode.swift; path = THMedicalTimelineView.swift; sourceTree = "<group>"; };
		2F78237E2E697EEE00CDEF24 /* THMedicalRecordOCRService.swift */ = {isa = PBXFileReference; lastKnownFileType = sourcecode.swift; path = THMedicalRecordOCRService.swift; sourceTree = "<group>"; };
		2F7823812E697F7C00CDEF24 /* THImageViewer.swift */ = {isa = PBXFileReference; lastKnownFileType = sourcecode.swift; path = THImageViewer.swift; sourceTree = "<group>"; };
		2FB2053C2E63147F00BD4D6F /* THConfig.swift */ = {isa = PBXFileReference; lastKnownFileType = sourcecode.swift; path = THConfig.swift; sourceTree = "<group>"; };
		68426F762E5D7EA4008B17BA /* THThyroidPanelOCRService.swift */ = {isa = PBXFileReference; lastKnownFileType = sourcecode.swift; path = THThyroidPanelOCRService.swift; sourceTree = "<group>"; };
		68426F7A2E5D7FF3008B17BA /* THPanelOCRResultView.swift */ = {isa = PBXFileReference; lastKnownFileType = sourcecode.swift; path = THPanelOCRResultView.swift; sourceTree = "<group>"; };
		68426F7C2E5D803D008B17BA /* THPanelOCRResultsSection.swift */ = {isa = PBXFileReference; lastKnownFileType = sourcecode.swift; path = THPanelOCRResultsSection.swift; sourceTree = "<group>"; };
		68426F7E2E5D8061008B17BA /* THIndicatorAdjustmentRow.swift */ = {isa = PBXFileReference; lastKnownFileType = sourcecode.swift; path = THIndicatorAdjustmentRow.swift; sourceTree = "<group>"; };
		68426F802E5D8081008B17BA /* THPanelOCRRawTextView.swift */ = {isa = PBXFileReference; lastKnownFileType = sourcecode.swift; path = THPanelOCRRawTextView.swift; sourceTree = "<group>"; };
		68426F822E5DC547008B17BA /* THImagePicker.swift */ = {isa = PBXFileReference; lastKnownFileType = sourcecode.swift; path = THImagePicker.swift; sourceTree = "<group>"; };
		689950AD2E6850D40045F733 /* THReminderSetting.swift */ = {isa = PBXFileReference; lastKnownFileType = sourcecode.swift; path = THReminderSetting.swift; sourceTree = "<group>"; };
		689F16C42E5C97B50047ABAB /* ThyroidHelper.app */ = {isa = PBXFileReference; explicitFileType = wrapper.application; includeInIndex = 0; path = ThyroidHelper.app; sourceTree = BUILT_PRODUCTS_DIR; };
		689F16DA2E5C9C670047ABAB /* Assets.xcassets */ = {isa = PBXFileReference; lastKnownFileType = folder.assetcatalog; path = Assets.xcassets; sourceTree = "<group>"; };
		689F16DC2E5C9C670047ABAB /* Info.plist */ = {isa = PBXFileReference; lastKnownFileType = text.plist.xml; path = Info.plist; sourceTree = "<group>"; };
		689F16DE2E5C9C670047ABAB /* ThyroidHelper.entitlements */ = {isa = PBXFileReference; lastKnownFileType = text.plist.entitlements; path = ThyroidHelper.entitlements; sourceTree = "<group>"; };
		689F16DF2E5C9C670047ABAB /* ThyroidHelperApp.swift */ = {isa = PBXFileReference; lastKnownFileType = sourcecode.swift; path = ThyroidHelperApp.swift; sourceTree = "<group>"; };
		689F16E82E5C9C880047ABAB /* THThyroidPanelRecord.swift */ = {isa = PBXFileReference; lastKnownFileType = sourcecode.swift; path = THThyroidPanelRecord.swift; sourceTree = "<group>"; };
		689F16EB2E5C9CF60047ABAB /* THCloudKitManager.swift */ = {isa = PBXFileReference; lastKnownFileType = sourcecode.swift; path = THCloudKitManager.swift; sourceTree = "<group>"; };
		689F16ED2E5C9D1D0047ABAB /* THAuthenticationManager.swift */ = {isa = PBXFileReference; lastKnownFileType = sourcecode.swift; path = THAuthenticationManager.swift; sourceTree = "<group>"; };
		689F16F02E5C9D570047ABAB /* THContentView.swift */ = {isa = PBXFileReference; lastKnownFileType = sourcecode.swift; path = THContentView.swift; sourceTree = "<group>"; };
		689F16F22E5C9D700047ABAB /* THLoginView.swift */ = {isa = PBXFileReference; lastKnownFileType = sourcecode.swift; path = THLoginView.swift; sourceTree = "<group>"; };
		689F16F42E5C9D8A0047ABAB /* THMainTabView.swift */ = {isa = PBXFileReference; lastKnownFileType = sourcecode.swift; path = THMainTabView.swift; sourceTree = "<group>"; };
		689F16F62E5C9DAE0047ABAB /* THHomeView.swift */ = {isa = PBXFileReference; lastKnownFileType = sourcecode.swift; path = THHomeView.swift; sourceTree = "<group>"; };
		689F16F82E5C9DCC0047ABAB /* THTrendsView.swift */ = {isa = PBXFileReference; lastKnownFileType = sourcecode.swift; path = THTrendsView.swift; sourceTree = "<group>"; };
		689F16FA2E5C9DE90047ABAB /* THTyroidPanelView.swift */ = {isa = PBXFileReference; lastKnownFileType = sourcecode.swift; path = THTyroidPanelView.swift; sourceTree = "<group>"; };
		689F16FC2E5C9E030047ABAB /* THAddRecordView.swift */ = {isa = PBXFileReference; lastKnownFileType = sourcecode.swift; path = THAddRecordView.swift; sourceTree = "<group>"; };
		689F16FE2E5C9E1F0047ABAB /* THProfileView.swift */ = {isa = PBXFileReference; lastKnownFileType = sourcecode.swift; path = THProfileView.swift; sourceTree = "<group>"; };
		689F17052E5C9E7A0047ABAB /* NotificationSettingsView.swift */ = {isa = PBXFileReference; lastKnownFileType = sourcecode.swift; path = NotificationSettingsView.swift; sourceTree = "<group>"; };
		689F17072E5C9E850047ABAB /* DataExportView.swift */ = {isa = PBXFileReference; lastKnownFileType = sourcecode.swift; path = DataExportView.swift; sourceTree = "<group>"; };
		689F17092E5C9E8C0047ABAB /* AboutView.swift */ = {isa = PBXFileReference; lastKnownFileType = sourcecode.swift; path = AboutView.swift; sourceTree = "<group>"; };
		689F170B2E5C9F0E0047ABAB /* THThyroidIndicator.swift */ = {isa = PBXFileReference; lastKnownFileType = sourcecode.swift; path = THThyroidIndicator.swift; sourceTree = "<group>"; };
		689F170E2E5CA11D0047ABAB /* Charts.framework */ = {isa = PBXFileReference; lastKnownFileType = wrapper.framework; name = Charts.framework; path = System/Library/Frameworks/Charts.framework; sourceTree = SDKROOT; };
		68ECC79A2E627A6F0031B882 /* THThyroidIndicator+Extensions.swift */ = {isa = PBXFileReference; lastKnownFileType = sourcecode.swift; path = "THThyroidIndicator+Extensions.swift"; sourceTree = "<group>"; };
/* End PBXFileReference section */

/* Begin PBXFrameworksBuildPhase section */
		689F16C12E5C97B50047ABAB /* Frameworks */ = {
			isa = PBXFrameworksBuildPhase;
			buildActionMask = 2147483647;
			files = (
				689F170F2E5CA11D0047ABAB /* Charts.framework in Frameworks */,
			);
			runOnlyForDeploymentPostprocessing = 0;
		};
/* End PBXFrameworksBuildPhase section */

/* Begin PBXGroup section */
		2F07068B2E6BB738006F4DE8 /* Authentication */ = {
			isa = PBXGroup;
			children = (
				689F16ED2E5C9D1D0047ABAB /* THAuthenticationManager.swift */,
			);
			path = Authentication;
			sourceTree = "<group>";
		};
		2F07068C2E6BB79F006F4DE8 /* OCR */ = {
			isa = PBXGroup;
			children = (
				2F78237E2E697EEE00CDEF24 /* THMedicalRecordOCRService.swift */,
				68426F762E5D7EA4008B17BA /* THThyroidPanelOCRService.swift */,
			);
			path = OCR;
			sourceTree = "<group>";
		};
		2F4B1DF42E63EB62000EE005 /* Extensions */ = {
			isa = PBXGroup;
			children = (
				2F4B1DF52E63EB6D000EE005 /* THDoubleExtension.swift */,
			);
			path = Extensions;
			sourceTree = "<group>";
		};
		2F7823802E697F6100CDEF24 /* Components */ = {
			isa = PBXGroup;
			children = (
				2FBB78CA2E6BC10B00360A3E /* PanelOCR */,
				2F7823812E697F7C00CDEF24 /* THImageViewer.swift */,
				68426F822E5DC547008B17BA /* THImagePicker.swift */,
				68426F7E2E5D8061008B17BA /* THIndicatorAdjustmentRow.swift */,
				689F16FC2E5C9E030047ABAB /* THAddRecordView.swift */,
			);
			path = Components;
			sourceTree = "<group>";
		};
		2F7934832E6BBB680022EFE6 /* Cloud */ = {
			isa = PBXGroup;
			children = (
				689F16EB2E5C9CF60047ABAB /* THCloudKitManager.swift */,
			);
			path = Cloud;
			sourceTree = "<group>";
		};
		2F8752B22E6BC2BA00F210C9 /* Utils */ = {
			isa = PBXGroup;
			children = (
			);
			path = Utils;
			sourceTree = "<group>";
		};
		2FB2053B2E63147400BD4D6F /* Config */ = {
			isa = PBXGroup;
			children = (
				2FB2053C2E63147F00BD4D6F /* THConfig.swift */,
			);
			path = Config;
			sourceTree = "<group>";
		};
		2FBB78C42E6BBE4C00360A3E /* Home */ = {
			isa = PBXGroup;
			children = (
				689F16F62E5C9DAE0047ABAB /* THHomeView.swift */,
			);
			path = Home;
			sourceTree = "<group>";
		};
		2FBB78C52E6BBE7900360A3E /* Trends */ = {
			isa = PBXGroup;
			children = (
				689F16F82E5C9DCC0047ABAB /* THTrendsView.swift */,
			);
			path = Trends;
			sourceTree = "<group>";
		};
		2FBB78C72E6BBFB200360A3E /* ThroidPanel */ = {
			isa = PBXGroup;
			children = (
				689F16FA2E5C9DE90047ABAB /* THTyroidPanelView.swift */,
			);
			path = ThroidPanel;
			sourceTree = "<group>";
		};
		2FBB78C82E6BBFF400360A3E /* Profile */ = {
			isa = PBXGroup;
			children = (
				689F16FE2E5C9E1F0047ABAB /* THProfileView.swift */,
			);
			path = Profile;
			sourceTree = "<group>";
		};
		2FBB78C92E6BC09200360A3E /* Timeline */ = {
			isa = PBXGroup;
			children = (
				2F78237A2E695A7200CDEF24 /* THMedicalTimelineView.swift */,
			);
			path = Timeline;
			sourceTree = "<group>";
		};
		2FBB78CA2E6BC10B00360A3E /* PanelOCR */ = {
			isa = PBXGroup;
			children = (
				68426F7A2E5D7FF3008B17BA /* THPanelOCRResultView.swift */,
				68426F802E5D8081008B17BA /* THPanelOCRRawTextView.swift */,
				68426F7C2E5D803D008B17BA /* THPanelOCRResultsSection.swift */,
			);
			path = PanelOCR;
			sourceTree = "<group>";
		};
		689F16BB2E5C97B50047ABAB = {
			isa = PBXGroup;
			children = (
				689F16E02E5C9C670047ABAB /* ThyroidHelper */,
				689F170D2E5CA11D0047ABAB /* Frameworks */,
				689F16C52E5C97B50047ABAB /* Products */,
			);
			sourceTree = "<group>";
		};
		689F16C52E5C97B50047ABAB /* Products */ = {
			isa = PBXGroup;
			children = (
				689F16C42E5C97B50047ABAB /* ThyroidHelper.app */,
			);
			name = Products;
			sourceTree = "<group>";
		};
		689F16E02E5C9C670047ABAB /* ThyroidHelper */ = {
			isa = PBXGroup;
			children = (
				2F8752B22E6BC2BA00F210C9 /* Utils */,
				2F4B1DF42E63EB62000EE005 /* Extensions */,
				2FB2053B2E63147400BD4D6F /* Config */,
				689F16EF2E5C9D480047ABAB /* Views */,
				689F16EA2E5C9CEC0047ABAB /* Services */,
				689F16E72E5C9C780047ABAB /* Models */,
				689F16DA2E5C9C670047ABAB /* Assets.xcassets */,
				689F16DC2E5C9C670047ABAB /* Info.plist */,
				689F16DE2E5C9C670047ABAB /* ThyroidHelper.entitlements */,
				689F16DF2E5C9C670047ABAB /* ThyroidHelperApp.swift */,
			);
			path = ThyroidHelper;
			sourceTree = "<group>";
		};
		689F16E72E5C9C780047ABAB /* Models */ = {
			isa = PBXGroup;
			children = (
				2F7823782E695A5D00CDEF24 /* THMedicalTimelineRecord.swift */,
				689950AD2E6850D40045F733 /* THReminderSetting.swift */,
				68ECC79A2E627A6F0031B882 /* THThyroidIndicator+Extensions.swift */,
				689F170B2E5C9F0E0047ABAB /* THThyroidIndicator.swift */,
				689F16E82E5C9C880047ABAB /* THThyroidPanelRecord.swift */,
			);
			path = Models;
			sourceTree = "<group>";
		};
		689F16EA2E5C9CEC0047ABAB /* Services */ = {
			isa = PBXGroup;
			children = (
				2F7934832E6BBB680022EFE6 /* Cloud */,
				2F07068C2E6BB79F006F4DE8 /* OCR */,
				2F07068B2E6BB738006F4DE8 /* Authentication */,
			);
			path = Services;
			sourceTree = "<group>";
		};
		689F16EF2E5C9D480047ABAB /* Views */ = {
			isa = PBXGroup;
			children = (
				2FBB78C92E6BC09200360A3E /* Timeline */,
				2FBB78C82E6BBFF400360A3E /* Profile */,
				2FBB78C72E6BBFB200360A3E /* ThroidPanel */,
				2FBB78C52E6BBE7900360A3E /* Trends */,
				2FBB78C42E6BBE4C00360A3E /* Home */,
				2F7823802E697F6100CDEF24 /* Components */,
				689F17042E5C9E6E0047ABAB /* Settings */,
				689F16F42E5C9D8A0047ABAB /* THMainTabView.swift */,
				689F16F22E5C9D700047ABAB /* THLoginView.swift */,
				689F16F02E5C9D570047ABAB /* THContentView.swift */,
			);
			path = Views;
			sourceTree = "<group>";
		};
		689F17042E5C9E6E0047ABAB /* Settings */ = {
			isa = PBXGroup;
			children = (
				689F17092E5C9E8C0047ABAB /* AboutView.swift */,
				689F17072E5C9E850047ABAB /* DataExportView.swift */,
				689F17052E5C9E7A0047ABAB /* NotificationSettingsView.swift */,
			);
			path = Settings;
			sourceTree = "<group>";
		};
		689F170D2E5CA11D0047ABAB /* Frameworks */ = {
			isa = PBXGroup;
			children = (
				689F170E2E5CA11D0047ABAB /* Charts.framework */,
			);
			name = Frameworks;
			sourceTree = "<group>";
		};
/* End PBXGroup section */

/* Begin PBXNativeTarget section */
		689F16C32E5C97B50047ABAB /* ThyroidHelper */ = {
			isa = PBXNativeTarget;
			buildConfigurationList = 689F16D22E5C97B70047ABAB /* Build configuration list for PBXNativeTarget "ThyroidHelper" */;
			buildPhases = (
				689F16C02E5C97B50047ABAB /* Sources */,
				689F16C12E5C97B50047ABAB /* Frameworks */,
				689F16C22E5C97B50047ABAB /* Resources */,
			);
			buildRules = (
			);
			dependencies = (
			);
			name = ThyroidHelper;
			packageProductDependencies = (
			);
			productName = ThyroidHelper;
			productReference = 689F16C42E5C97B50047ABAB /* ThyroidHelper.app */;
			productType = "com.apple.product-type.application";
		};
/* End PBXNativeTarget section */

/* Begin PBXProject section */
		689F16BC2E5C97B50047ABAB /* Project object */ = {
			isa = PBXProject;
			attributes = {
				BuildIndependentTargetsInParallel = 1;
				LastSwiftUpdateCheck = 1630;
				LastUpgradeCheck = 1630;
				TargetAttributes = {
					689F16C32E5C97B50047ABAB = {
						CreatedOnToolsVersion = 16.3;
					};
				};
			};
			buildConfigurationList = 689F16BF2E5C97B50047ABAB /* Build configuration list for PBXProject "ThyroidHelper" */;
			developmentRegion = en;
			hasScannedForEncodings = 0;
			knownRegions = (
				en,
				Base,
			);
			mainGroup = 689F16BB2E5C97B50047ABAB;
			minimizedProjectReferenceProxies = 1;
			packageReferences = (
			);
			preferredProjectObjectVersion = 77;
			productRefGroup = 689F16C52E5C97B50047ABAB /* Products */;
			projectDirPath = "";
			projectRoot = "";
			targets = (
				689F16C32E5C97B50047ABAB /* ThyroidHelper */,
			);
		};
/* End PBXProject section */

/* Begin PBXResourcesBuildPhase section */
		689F16C22E5C97B50047ABAB /* Resources */ = {
			isa = PBXResourcesBuildPhase;
			buildActionMask = 2147483647;
			files = (
				689F16E12E5C9C670047ABAB /* Assets.xcassets in Resources */,
			);
			runOnlyForDeploymentPostprocessing = 0;
		};
/* End PBXResourcesBuildPhase section */

/* Begin PBXSourcesBuildPhase section */
		689F16C02E5C97B50047ABAB /* Sources */ = {
			isa = PBXSourcesBuildPhase;
			buildActionMask = 2147483647;
			files = (
				689F17082E5C9E860047ABAB /* DataExportView.swift in Sources */,
				2F7823792E695A5E00CDEF24 /* THMedicalTimelineRecord.swift in Sources */,
				689F170A2E5C9E8E0047ABAB /* AboutView.swift in Sources */,
				2F7823822E697F8B00CDEF24 /* THImageViewer.swift in Sources */,
				68ECC79B2E627A720031B882 /* THThyroidIndicator+Extensions.swift in Sources */,
				689950AE2E6850D60045F733 /* THReminderSetting.swift in Sources */,
				689F16F12E5C9D590047ABAB /* THContentView.swift in Sources */,
				689F16F32E5C9D720047ABAB /* THLoginView.swift in Sources */,
				68426F7D2E5D8040008B17BA /* THPanelOCRResultsSection.swift in Sources */,
				68426F7B2E5D7FF5008B17BA /* THPanelOCRResultView.swift in Sources */,
				68426F812E5D8084008B17BA /* THPanelOCRRawTextView.swift in Sources */,
				2F4B1DF62E63EB7A000EE005 /* THDoubleExtension.swift in Sources */,
				689F17062E5C9E7C0047ABAB /* NotificationSettingsView.swift in Sources */,
				689F16EE2E5C9D1F0047ABAB /* THAuthenticationManager.swift in Sources */,
				689F16F72E5C9DB00047ABAB /* THHomeView.swift in Sources */,
				689F16EC2E5C9CF80047ABAB /* THCloudKitManager.swift in Sources */,
				689F16FF2E5C9E220047ABAB /* THProfileView.swift in Sources */,
				2F78237B2E695A7500CDEF24 /* THMedicalTimelineView.swift in Sources */,
				2F78237F2E697EF000CDEF24 /* THMedicalRecordOCRService.swift in Sources */,
				689F16FD2E5C9E040047ABAB /* THAddRecordView.swift in Sources */,
				689F16FB2E5C9DEB0047ABAB /* THTyroidPanelView.swift in Sources */,
				689F16E92E5C9C890047ABAB /* THThyroidPanelRecord.swift in Sources */,
				689F16E62E5C9C670047ABAB /* ThyroidHelperApp.swift in Sources */,
				68426F772E5D7EB2008B17BA /* THThyroidPanelOCRService.swift in Sources */,
				689F16F92E5C9DCE0047ABAB /* THTrendsView.swift in Sources */,
				68426F7F2E5D8063008B17BA /* THIndicatorAdjustmentRow.swift in Sources */,
				2FB2053D2E63148900BD4D6F /* THConfig.swift in Sources */,
				68426F832E5DC552008B17BA /* THImagePicker.swift in Sources */,
				689F170C2E5C9F0F0047ABAB /* THThyroidIndicator.swift in Sources */,
				689F16F52E5C9D8C0047ABAB /* THMainTabView.swift in Sources */,
			);
			runOnlyForDeploymentPostprocessing = 0;
		};
/* End PBXSourcesBuildPhase section */

/* Begin XCBuildConfiguration section */
		689F16D32E5C97B70047ABAB /* Debug */ = {
			isa = XCBuildConfiguration;
			buildSettings = {
				ASSETCATALOG_COMPILER_APPICON_NAME = AppIcon;
				ASSETCATALOG_COMPILER_GLOBAL_ACCENT_COLOR_NAME = AccentColor;
				CODE_SIGN_ENTITLEMENTS = ThyroidHelper/ThyroidHelper.entitlements;
				CODE_SIGN_IDENTITY = "Apple Development";
				CODE_SIGN_STYLE = Automatic;
				CURRENT_PROJECT_VERSION = 1;
				DEVELOPMENT_TEAM = WCB96B7533;
				ENABLE_PREVIEWS = YES;
				GENERATE_INFOPLIST_FILE = YES;
				INFOPLIST_FILE = ThyroidHelper/Info.plist;
				INFOPLIST_KEY_UIApplicationSceneManifest_Generation = YES;
				INFOPLIST_KEY_UIApplicationSupportsIndirectInputEvents = YES;
				INFOPLIST_KEY_UILaunchScreen_Generation = YES;
				INFOPLIST_KEY_UISupportedInterfaceOrientations_iPad = "UIInterfaceOrientationPortrait UIInterfaceOrientationPortraitUpsideDown UIInterfaceOrientationLandscapeLeft UIInterfaceOrientationLandscapeRight";
				INFOPLIST_KEY_UISupportedInterfaceOrientations_iPhone = "UIInterfaceOrientationPortrait UIInterfaceOrientationLandscapeLeft UIInterfaceOrientationLandscapeRight";
				IPHONEOS_DEPLOYMENT_TARGET = 17.6;
				LD_RUNPATH_SEARCH_PATHS = (
					"$(inherited)",
					"@executable_path/Frameworks",
				);
				MARKETING_VERSION = 1.0;
				PRODUCT_BUNDLE_IDENTIFIER = com.zlot.ThyroidHelper;
				PRODUCT_NAME = "$(TARGET_NAME)";
				PROVISIONING_PROFILE_SPECIFIER = "";
				SWIFT_EMIT_LOC_STRINGS = YES;
				SWIFT_VERSION = 5.0;
				TARGETED_DEVICE_FAMILY = "1,2";
			};
			name = Debug;
		};
		689F16D42E5C97B70047ABAB /* Release */ = {
			isa = XCBuildConfiguration;
			buildSettings = {
				ASSETCATALOG_COMPILER_APPICON_NAME = AppIcon;
				ASSETCATALOG_COMPILER_GLOBAL_ACCENT_COLOR_NAME = AccentColor;
				CODE_SIGN_ENTITLEMENTS = ThyroidHelper/ThyroidHelper.entitlements;
				CODE_SIGN_IDENTITY = "Apple Development";
				CODE_SIGN_STYLE = Automatic;
				CURRENT_PROJECT_VERSION = 1;
				DEVELOPMENT_TEAM = WCB96B7533;
				ENABLE_PREVIEWS = YES;
				GENERATE_INFOPLIST_FILE = YES;
				INFOPLIST_FILE = ThyroidHelper/Info.plist;
				INFOPLIST_KEY_UIApplicationSceneManifest_Generation = YES;
				INFOPLIST_KEY_UIApplicationSupportsIndirectInputEvents = YES;
				INFOPLIST_KEY_UILaunchScreen_Generation = YES;
				INFOPLIST_KEY_UISupportedInterfaceOrientations_iPad = "UIInterfaceOrientationPortrait UIInterfaceOrientationPortraitUpsideDown UIInterfaceOrientationLandscapeLeft UIInterfaceOrientationLandscapeRight";
				INFOPLIST_KEY_UISupportedInterfaceOrientations_iPhone = "UIInterfaceOrientationPortrait UIInterfaceOrientationLandscapeLeft UIInterfaceOrientationLandscapeRight";
				IPHONEOS_DEPLOYMENT_TARGET = 17.6;
				LD_RUNPATH_SEARCH_PATHS = (
					"$(inherited)",
					"@executable_path/Frameworks",
				);
				MARKETING_VERSION = 1.0;
				PRODUCT_BUNDLE_IDENTIFIER = com.zlot.ThyroidHelper;
				PRODUCT_NAME = "$(TARGET_NAME)";
				PROVISIONING_PROFILE_SPECIFIER = "";
				SWIFT_EMIT_LOC_STRINGS = YES;
				SWIFT_VERSION = 5.0;
				TARGETED_DEVICE_FAMILY = "1,2";
			};
			name = Release;
		};
		689F16D52E5C97B70047ABAB /* Debug */ = {
			isa = XCBuildConfiguration;
			buildSettings = {
				ALWAYS_SEARCH_USER_PATHS = NO;
				ASSETCATALOG_COMPILER_GENERATE_SWIFT_ASSET_SYMBOL_EXTENSIONS = YES;
				CLANG_ANALYZER_NONNULL = YES;
				CLANG_ANALYZER_NUMBER_OBJECT_CONVERSION = YES_AGGRESSIVE;
				CLANG_CXX_LANGUAGE_STANDARD = "gnu++20";
				CLANG_ENABLE_MODULES = YES;
				CLANG_ENABLE_OBJC_ARC = YES;
				CLANG_ENABLE_OBJC_WEAK = YES;
				CLANG_WARN_BLOCK_CAPTURE_AUTORELEASING = YES;
				CLANG_WARN_BOOL_CONVERSION = YES;
				CLANG_WARN_COMMA = YES;
				CLANG_WARN_CONSTANT_CONVERSION = YES;
				CLANG_WARN_DEPRECATED_OBJC_IMPLEMENTATIONS = YES;
				CLANG_WARN_DIRECT_OBJC_ISA_USAGE = YES_ERROR;
				CLANG_WARN_DOCUMENTATION_COMMENTS = YES;
				CLANG_WARN_EMPTY_BODY = YES;
				CLANG_WARN_ENUM_CONVERSION = YES;
				CLANG_WARN_INFINITE_RECURSION = YES;
				CLANG_WARN_INT_CONVERSION = YES;
				CLANG_WARN_NON_LITERAL_NULL_CONVERSION = YES;
				CLANG_WARN_OBJC_IMPLICIT_RETAIN_SELF = YES;
				CLANG_WARN_OBJC_LITERAL_CONVERSION = YES;
				CLANG_WARN_OBJC_ROOT_CLASS = YES_ERROR;
				CLANG_WARN_QUOTED_INCLUDE_IN_FRAMEWORK_HEADER = YES;
				CLANG_WARN_RANGE_LOOP_ANALYSIS = YES;
				CLANG_WARN_STRICT_PROTOTYPES = YES;
				CLANG_WARN_SUSPICIOUS_MOVE = YES;
				CLANG_WARN_UNGUARDED_AVAILABILITY = YES_AGGRESSIVE;
				CLANG_WARN_UNREACHABLE_CODE = YES;
				CLANG_WARN__DUPLICATE_METHOD_MATCH = YES;
				COPY_PHASE_STRIP = NO;
				DEBUG_INFORMATION_FORMAT = dwarf;
				DEVELOPMENT_TEAM = WCB96B7533;
				ENABLE_STRICT_OBJC_MSGSEND = YES;
				ENABLE_TESTABILITY = YES;
				ENABLE_USER_SCRIPT_SANDBOXING = YES;
				GCC_C_LANGUAGE_STANDARD = gnu17;
				GCC_DYNAMIC_NO_PIC = NO;
				GCC_NO_COMMON_BLOCKS = YES;
				GCC_OPTIMIZATION_LEVEL = 0;
				GCC_PREPROCESSOR_DEFINITIONS = (
					"DEBUG=1",
					"$(inherited)",
				);
				GCC_WARN_64_TO_32_BIT_CONVERSION = YES;
				GCC_WARN_ABOUT_RETURN_TYPE = YES_ERROR;
				GCC_WARN_UNDECLARED_SELECTOR = YES;
				GCC_WARN_UNINITIALIZED_AUTOS = YES_AGGRESSIVE;
				GCC_WARN_UNUSED_FUNCTION = YES;
				GCC_WARN_UNUSED_VARIABLE = YES;
				IPHONEOS_DEPLOYMENT_TARGET = 18.4;
				LOCALIZATION_PREFERS_STRING_CATALOGS = YES;
				MTL_ENABLE_DEBUG_INFO = INCLUDE_SOURCE;
				MTL_FAST_MATH = YES;
				ONLY_ACTIVE_ARCH = YES;
				SDKROOT = iphoneos;
				SWIFT_ACTIVE_COMPILATION_CONDITIONS = "DEBUG $(inherited)";
				SWIFT_OPTIMIZATION_LEVEL = "-Onone";
			};
			name = Debug;
		};
		689F16D62E5C97B70047ABAB /* Release */ = {
			isa = XCBuildConfiguration;
			buildSettings = {
				ALWAYS_SEARCH_USER_PATHS = NO;
				ASSETCATALOG_COMPILER_GENERATE_SWIFT_ASSET_SYMBOL_EXTENSIONS = YES;
				CLANG_ANALYZER_NONNULL = YES;
				CLANG_ANALYZER_NUMBER_OBJECT_CONVERSION = YES_AGGRESSIVE;
				CLANG_CXX_LANGUAGE_STANDARD = "gnu++20";
				CLANG_ENABLE_MODULES = YES;
				CLANG_ENABLE_OBJC_ARC = YES;
				CLANG_ENABLE_OBJC_WEAK = YES;
				CLANG_WARN_BLOCK_CAPTURE_AUTORELEASING = YES;
				CLANG_WARN_BOOL_CONVERSION = YES;
				CLANG_WARN_COMMA = YES;
				CLANG_WARN_CONSTANT_CONVERSION = YES;
				CLANG_WARN_DEPRECATED_OBJC_IMPLEMENTATIONS = YES;
				CLANG_WARN_DIRECT_OBJC_ISA_USAGE = YES_ERROR;
				CLANG_WARN_DOCUMENTATION_COMMENTS = YES;
				CLANG_WARN_EMPTY_BODY = YES;
				CLANG_WARN_ENUM_CONVERSION = YES;
				CLANG_WARN_INFINITE_RECURSION = YES;
				CLANG_WARN_INT_CONVERSION = YES;
				CLANG_WARN_NON_LITERAL_NULL_CONVERSION = YES;
				CLANG_WARN_OBJC_IMPLICIT_RETAIN_SELF = YES;
				CLANG_WARN_OBJC_LITERAL_CONVERSION = YES;
				CLANG_WARN_OBJC_ROOT_CLASS = YES_ERROR;
				CLANG_WARN_QUOTED_INCLUDE_IN_FRAMEWORK_HEADER = YES;
				CLANG_WARN_RANGE_LOOP_ANALYSIS = YES;
				CLANG_WARN_STRICT_PROTOTYPES = YES;
				CLANG_WARN_SUSPICIOUS_MOVE = YES;
				CLANG_WARN_UNGUARDED_AVAILABILITY = YES_AGGRESSIVE;
				CLANG_WARN_UNREACHABLE_CODE = YES;
				CLANG_WARN__DUPLICATE_METHOD_MATCH = YES;
				COPY_PHASE_STRIP = NO;
				DEBUG_INFORMATION_FORMAT = "dwarf-with-dsym";
				DEVELOPMENT_TEAM = WCB96B7533;
				ENABLE_NS_ASSERTIONS = NO;
				ENABLE_STRICT_OBJC_MSGSEND = YES;
				ENABLE_USER_SCRIPT_SANDBOXING = YES;
				GCC_C_LANGUAGE_STANDARD = gnu17;
				GCC_NO_COMMON_BLOCKS = YES;
				GCC_WARN_64_TO_32_BIT_CONVERSION = YES;
				GCC_WARN_ABOUT_RETURN_TYPE = YES_ERROR;
				GCC_WARN_UNDECLARED_SELECTOR = YES;
				GCC_WARN_UNINITIALIZED_AUTOS = YES_AGGRESSIVE;
				GCC_WARN_UNUSED_FUNCTION = YES;
				GCC_WARN_UNUSED_VARIABLE = YES;
				IPHONEOS_DEPLOYMENT_TARGET = 18.4;
				LOCALIZATION_PREFERS_STRING_CATALOGS = YES;
				MTL_ENABLE_DEBUG_INFO = NO;
				MTL_FAST_MATH = YES;
				SDKROOT = iphoneos;
				SWIFT_COMPILATION_MODE = wholemodule;
				VALIDATE_PRODUCT = YES;
			};
			name = Release;
		};
/* End XCBuildConfiguration section */

/* Begin XCConfigurationList section */
		689F16BF2E5C97B50047ABAB /* Build configuration list for PBXProject "ThyroidHelper" */ = {
			isa = XCConfigurationList;
			buildConfigurations = (
				689F16D52E5C97B70047ABAB /* Debug */,
				689F16D62E5C97B70047ABAB /* Release */,
			);
			defaultConfigurationIsVisible = 0;
			defaultConfigurationName = Release;
		};
		689F16D22E5C97B70047ABAB /* Build configuration list for PBXNativeTarget "ThyroidHelper" */ = {
			isa = XCConfigurationList;
			buildConfigurations = (
				689F16D32E5C97B70047ABAB /* Debug */,
				689F16D42E5C97B70047ABAB /* Release */,
			);
			defaultConfigurationIsVisible = 0;
			defaultConfigurationName = Release;
		};
/* End XCConfigurationList section */
	};
	rootObject = 689F16BC2E5C97B50047ABAB /* Project object */;
}
